{
  "name": "test-vujson",
  "version": "1.0.0",
  "lockfileVersion": 2,
  "requires": true,
  "packages": {
    "": {
      "name": "test-vujson",
      "version": "1.0.0",
      "license": "ISC",
      "dependencies": {
        "lodash": "^4.17.21",
        "test-vujson": "^1.0.0"
      }
    },
    "node_modules/lodash": {
      "version": "4.17.21",
      "resolved": "https://registry.nlark.com/lodash/download/lodash-4.17.21.tgz",
      "integrity": "sha1-Z5WRxWTDv/quhFTPCz3zcMPWkRw="
    },
    "node_modules/test-vujson": {
      "version": "1.0.0",
      "resolved": "https://registry.npmjs.org/test-vujson/-/test-vujson-1.0.0.tgz",
      "integrity": "sha512-gP8sozPpET5p899JFWHeJF6JvRC9rhIBHAHJm/beMvz8bW+pVFoADVqJSxV6hMAogMK2n5m3MzUnoyFlOebtZQ==",
      "dependencies": {
        "lodash": "^4.17.21"
      }
    }
  },
  "dependencies": {
    "lodash": {
      "version": "4.17.21",
      "resolved": "https://registry.nlark.com/lodash/download/lodash-4.17.21.tgz",
      "integrity": "sha1-Z5WRxWTDv/quhFTPCz3zcMPWkRw="
    },
    "test-vujson": {
      "version": "1.0.0",
      "resolved": "https://registry.npmjs.org/test-vujson/-/test-vujson-1.0.0.tgz",
      "integrity": "sha512-gP8sozPpET5p899JFWHeJF6JvRC9rhIBHAHJm/beMvz8bW+pVFoADVqJSxV6hMAogMK2n5m3MzUnoyFlOebtZQ==",
      "requires": {
        "lodash": "^4.17.21"
      }
    }
  }
}
